
Microsoft Visual Studio Solution File, Format Version 12.00
# Visual Studio Version 17
VisualStudioVersion = 17.2.32408.312
MinimumVisualStudioVersion = 10.0.40219.1
Project("{9A19103F-16F7-4668-BE54-9A1E7A4F7556}") = "Models", "Models\Models.csproj", "{6B097A21-F7E1-4EB5-92B2-7172CC9E123F}"
EndProject
Project("{9A19103F-16F7-4668-BE54-9A1E7A4F7556}") = "Resources", "Resources\Resources.csproj", "{99FC44AE-B3F1-4765-9725-DE0D94F4ADEF}"
EndProject
Project("{9A19103F-16F7-4668-BE54-9A1E7A4F7556}") = "UnitOfWork", "UnitOfWork\UnitOfWork.csproj", "{DE4D41C7-5665-46D5-A174-201B2C1DA411}"
EndProject
Global
	GlobalSection(SolutionConfigurationPlatforms) = preSolution
		Debug|Any CPU = Debug|Any CPU
		Release|Any CPU = Release|Any CPU
	EndGlobalSection
	GlobalSection(ProjectConfigurationPlatforms) = postSolution
		{6B097A21-F7E1-4EB5-92B2-7172CC9E123F}.Debug|Any CPU.ActiveCfg = Debug|Any CPU
		{6B097A21-F7E1-4EB5-92B2-7172CC9E123F}.Debug|Any CPU.Build.0 = Debug|Any CPU
		{6B097A21-F7E1-4EB5-92B2-7172CC9E123F}.Release|Any CPU.ActiveCfg = Release|Any CPU
		{6B097A21-F7E1-4EB5-92B2-7172CC9E123F}.Release|Any CPU.Build.0 = Release|Any CPU
		{99FC44AE-B3F1-4765-9725-DE0D94F4ADEF}.Debug|Any CPU.ActiveCfg = Debug|Any CPU
		{99FC44AE-B3F1-4765-9725-DE0D94F4ADEF}.Debug|Any CPU.Build.0 = Debug|Any CPU
		{99FC44AE-B3F1-4765-9725-DE0D94F4ADEF}.Release|Any CPU.ActiveCfg = Release|Any CPU
		{99FC44AE-B3F1-4765-9725-DE0D94F4ADEF}.Release|Any CPU.Build.0 = Release|Any CPU
		{DE4D41C7-5665-46D5-A174-201B2C1DA411}.Debug|Any CPU.ActiveCfg = Debug|Any CPU
		{DE4D41C7-5665-46D5-A174-201B2C1DA411}.Debug|Any CPU.Build.0 = Debug|Any CPU
		{DE4D41C7-5665-46D5-A174-201B2C1DA411}.Release|Any CPU.ActiveCfg = Release|Any CPU
		{DE4D41C7-5665-46D5-A174-201B2C1DA411}.Release|Any CPU.Build.0 = Release|Any CPU
	EndGlobalSection
	GlobalSection(SolutionProperties) = preSolution
		HideSolutionNode = FALSE
	EndGlobalSection
	GlobalSection(ExtensibilityGlobals) = postSolution
		SolutionGuid = {2F1E7F1C-CE06-4A89-9468-A7323DBB5031}
	EndGlobalSection
EndGlobal
